Microsoft Visual Studio Solution File, Format Version 12.00
# Visual Studio Version 17
VisualStudioVersion = 17.5.2.0
MinimumVisualStudioVersion = 10.0.40219.1
Project("{FAE04EC0-301F-11D3-BF4B-00C04F79EFBC}") = "TechEquipments", "TechEquipments.csproj", "{51D69F54-589A-17DB-9663-576541CDCD80}"
EndProject
Global
	GlobalSection(SolutionConfigurationPlatforms) = preSolution
		Debug|Any CPU = Debug|Any CPU
		Release|Any CPU = Release|Any CPU
	EndGlobalSection
	GlobalSection(ProjectConfigurationPlatforms) = postSolution
		{51D69F54-589A-17DB-9663-576541CDCD80}.Debug|Any CPU.ActiveCfg = Debug|Any CPU
		{51D69F54-589A-17DB-9663-576541CDCD80}.Debug|Any CPU.Build.0 = Debug|Any CPU
		{51D69F54-589A-17DB-9663-576541CDCD80}.Release|Any CPU.ActiveCfg = Release|Any CPU
		{51D69F54-589A-17DB-9663-576541CDCD80}.Release|Any CPU.Build.0 = Release|Any CPU
	EndGlobalSection
	GlobalSection(SolutionProperties) = preSolution
		HideSolutionNode = FALSE
	EndGlobalSection
	GlobalSection(ExtensibilityGlobals) = postSolution
		SolutionGuid = {E958D4A1-66C8-4C7D-B2E6-8AE630FEC7DB}
	EndGlobalSection
EndGlobal
